
Microsoft Visual Studio Solution File, Format Version 12.00
# Visual Studio Version 16
VisualStudioVersion = 16.0.30406.217
MinimumVisualStudioVersion = 10.0.40219.1
Project("{FAE04EC0-301F-11D3-BF4B-00C04F79EFBC}") = "HouseApp", "HouseApp.csproj", "{A7290558-70F5-417A-B9CC-9151FFC10962}"
EndProject
Global
	GlobalSection(SolutionConfigurationPlatforms) = preSolution
		Debug|Any CPU = Debug|Any CPU
		Release|Any CPU = Release|Any CPU
	EndGlobalSection
	GlobalSection(ProjectConfigurationPlatforms) = postSolution
		{A7290558-70F5-417A-B9CC-9151FFC10962}.Debug|Any CPU.ActiveCfg = Debug|Any CPU
		{A7290558-70F5-417A-B9CC-9151FFC10962}.Debug|Any CPU.Build.0 = Debug|Any CPU
		{A7290558-70F5-417A-B9CC-9151FFC10962}.Release|Any CPU.ActiveCfg = Release|Any CPU
		{A7290558-70F5-417A-B9CC-9151FFC10962}.Release|Any CPU.Build.0 = Release|Any CPU
	EndGlobalSection
	GlobalSection(SolutionProperties) = preSolution
		HideSolutionNode = FALSE
	EndGlobalSection
	GlobalSection(ExtensibilityGlobals) = postSolution
		SolutionGuid = {FF18E29A-10FF-4EE4-93C2-7EC31BCC09E2}
	EndGlobalSection
EndGlobal
